{
  "name": "teto",
  "lockfileVersion": 3,
  "requires": true,
  "packages": {
    "": {
      "dependencies": {
        "bootstrap": "^5.3.3",
        "normalize.css": "^8.0.1"
      },
      "devDependencies": {
        "@eslint/js": "^9.2.0",
        "globals": "^15.2.0"
      }
    },
    "node_modules/@eslint/js": {
      "version": "9.2.0",
      "resolved": "https://registry.npmjs.org/@eslint/js/-/js-9.2.0.tgz",
      "integrity": "sha512-ESiIudvhoYni+MdsI8oD7skpprZ89qKocwRM2KEvhhBJ9nl5MRh7BXU5GTod7Mdygq+AUl+QzId6iWJKR/wABA==",
      "dev": true,
      "engines": {
        "node": "^18.18.0 || ^20.9.0 || >=21.1.0"
      }
    },
    "node_modules/@popperjs/core": {
      "version": "2.11.8",
      "resolved": "https://registry.npmjs.org/@popperjs/core/-/core-2.11.8.tgz",
      "integrity": "sha512-P1st0aksCrn9sGZhp8GMYwBnQsbvAWsZAX44oXNNvLHGqAOcoVxmjZiohstwQ7SqKnbR47akdNi+uleWD8+g6A==",
      "peer": true,
      "funding": {
        "type": "opencollective",
        "url": "https://opencollective.com/popperjs"
      }
    },
    "node_modules/bootstrap": {
      "version": "5.3.3",
      "resolved": "https://registry.npmjs.org/bootstrap/-/bootstrap-5.3.3.tgz",
      "integrity": "sha512-8HLCdWgyoMguSO9o+aH+iuZ+aht+mzW0u3HIMzVu7Srrpv7EBBxTnrFlSCskwdY1+EOFQSm7uMJhNQHkdPcmjg==",
      "funding": [
        {
          "type": "github",
          "url": "https://github.com/sponsors/twbs"
        },
        {
          "type": "opencollective",
          "url": "https://opencollective.com/bootstrap"
        }
      ],
      "peerDependencies": {
        "@popperjs/core": "^2.11.8"
      }
    },
    "node_modules/globals": {
      "version": "15.2.0",
      "resolved": "https://registry.npmjs.org/globals/-/globals-15.2.0.tgz",
      "integrity": "sha512-FQ5YwCHZM3nCmtb5FzEWwdUc9K5d3V/w9mzcz8iGD1gC/aOTHc6PouYu0kkKipNJqHAT7m51sqzQjEjIP+cK0A==",
      "dev": true,
      "engines": {
        "node": ">=18"
      },
      "funding": {
        "url": "https://github.com/sponsors/sindresorhus"
      }
    },
    "node_modules/normalize.css": {
      "version": "8.0.1",
      "resolved": "https://registry.npmjs.org/normalize.css/-/normalize.css-8.0.1.tgz",
      "integrity": "sha512-qizSNPO93t1YUuUhP22btGOo3chcvDFqFaj2TRybP0DMxkHOCTYwp3n34fel4a31ORXy4m1Xq0Gyqpb5m33qIg=="
    }
  }
}
